
Microsoft Visual Studio Solution File, Format Version 12.00
# Visual Studio Version 17
VisualStudioVersion = 17.8.34525.116
MinimumVisualStudioVersion = 10.0.40219.1
Project("{FAE04EC0-301F-11D3-BF4B-00C04F79EFBC}") = "Dem", "Dem\Dem.csproj", "{4666F85B-C275-4CA2-9CC6-C917F0BC154C}"
EndProject
Global
	GlobalSection(SolutionConfigurationPlatforms) = preSolution
		Debug|Any CPU = Debug|Any CPU
		Release|Any CPU = Release|Any CPU
	EndGlobalSection
	GlobalSection(ProjectConfigurationPlatforms) = postSolution
		{4666F85B-C275-4CA2-9CC6-C917F0BC154C}.Debug|Any CPU.ActiveCfg = Debug|Any CPU
		{4666F85B-C275-4CA2-9CC6-C917F0BC154C}.Debug|Any CPU.Build.0 = Debug|Any CPU
		{4666F85B-C275-4CA2-9CC6-C917F0BC154C}.Release|Any CPU.ActiveCfg = Release|Any CPU
		{4666F85B-C275-4CA2-9CC6-C917F0BC154C}.Release|Any CPU.Build.0 = Release|Any CPU
	EndGlobalSection
	GlobalSection(SolutionProperties) = preSolution
		HideSolutionNode = FALSE
	EndGlobalSection
	GlobalSection(ExtensibilityGlobals) = postSolution
		SolutionGuid = {7A1CBAEA-6C2B-44C4-BA07-A5FB4D2EEC83}
	EndGlobalSection
EndGlobal
